
Microsoft Visual Studio Solution File, Format Version 12.00
# Visual Studio Version 17
VisualStudioVersion = 17.14.36408.4 d17.14
MinimumVisualStudioVersion = 10.0.40219.1
Project("{FAE04EC0-301F-11D3-BF4B-00C04F79EFBC}") = "Data", "Data\Data.csproj", "{97C6359B-533F-45A4-AE39-6FCF2537A0C6}"
EndProject
Project("{FAE04EC0-301F-11D3-BF4B-00C04F79EFBC}") = "Business", "Business\Business.csproj", "{5F8561E9-5069-496F-8CC9-1247E6BC0AF9}"
EndProject
Project("{FAE04EC0-301F-11D3-BF4B-00C04F79EFBC}") = "Core", "Core\Core.csproj", "{80040FD5-02D9-4293-9FC8-D7FCF02CB12C}"
EndProject
Project("{FAE04EC0-301F-11D3-BF4B-00C04F79EFBC}") = "Utilities", "Utilities\Utilities.csproj", "{0A608CEB-6997-46C9-82B9-C10583A33CBD}"
EndProject
Project("{FAE04EC0-301F-11D3-BF4B-00C04F79EFBC}") = "Web.UI", "Web.UI\Web.UI.csproj", "{1506E3D1-D838-4D82-8129-30F34B41E8B5}"
EndProject
Global
	GlobalSection(SolutionConfigurationPlatforms) = preSolution
		Debug|Any CPU = Debug|Any CPU
		Release|Any CPU = Release|Any CPU
	EndGlobalSection
	GlobalSection(ProjectConfigurationPlatforms) = postSolution
		{97C6359B-533F-45A4-AE39-6FCF2537A0C6}.Debug|Any CPU.ActiveCfg = Debug|Any CPU
		{97C6359B-533F-45A4-AE39-6FCF2537A0C6}.Debug|Any CPU.Build.0 = Debug|Any CPU
		{97C6359B-533F-45A4-AE39-6FCF2537A0C6}.Release|Any CPU.ActiveCfg = Release|Any CPU
		{97C6359B-533F-45A4-AE39-6FCF2537A0C6}.Release|Any CPU.Build.0 = Release|Any CPU
		{5F8561E9-5069-496F-8CC9-1247E6BC0AF9}.Debug|Any CPU.ActiveCfg = Debug|Any CPU
		{5F8561E9-5069-496F-8CC9-1247E6BC0AF9}.Debug|Any CPU.Build.0 = Debug|Any CPU
		{5F8561E9-5069-496F-8CC9-1247E6BC0AF9}.Release|Any CPU.ActiveCfg = Release|Any CPU
		{5F8561E9-5069-496F-8CC9-1247E6BC0AF9}.Release|Any CPU.Build.0 = Release|Any CPU
		{80040FD5-02D9-4293-9FC8-D7FCF02CB12C}.Debug|Any CPU.ActiveCfg = Debug|Any CPU
		{80040FD5-02D9-4293-9FC8-D7FCF02CB12C}.Debug|Any CPU.Build.0 = Debug|Any CPU
		{80040FD5-02D9-4293-9FC8-D7FCF02CB12C}.Release|Any CPU.ActiveCfg = Release|Any CPU
		{80040FD5-02D9-4293-9FC8-D7FCF02CB12C}.Release|Any CPU.Build.0 = Release|Any CPU
		{0A608CEB-6997-46C9-82B9-C10583A33CBD}.Debug|Any CPU.ActiveCfg = Debug|Any CPU
		{0A608CEB-6997-46C9-82B9-C10583A33CBD}.Debug|Any CPU.Build.0 = Debug|Any CPU
		{0A608CEB-6997-46C9-82B9-C10583A33CBD}.Release|Any CPU.ActiveCfg = Release|Any CPU
		{0A608CEB-6997-46C9-82B9-C10583A33CBD}.Release|Any CPU.Build.0 = Release|Any CPU
		{1506E3D1-D838-4D82-8129-30F34B41E8B5}.Debug|Any CPU.ActiveCfg = Debug|Any CPU
		{1506E3D1-D838-4D82-8129-30F34B41E8B5}.Debug|Any CPU.Build.0 = Debug|Any CPU
		{1506E3D1-D838-4D82-8129-30F34B41E8B5}.Release|Any CPU.ActiveCfg = Release|Any CPU
		{1506E3D1-D838-4D82-8129-30F34B41E8B5}.Release|Any CPU.Build.0 = Release|Any CPU
	EndGlobalSection
	GlobalSection(SolutionProperties) = preSolution
		HideSolutionNode = FALSE
	EndGlobalSection
	GlobalSection(ExtensibilityGlobals) = postSolution
		SolutionGuid = {14CEC533-BE56-4E04-9651-EC858E14561D}
	EndGlobalSection
EndGlobal
